
Microsoft Visual Studio Solution File, Format Version 12.00
# Visual Studio Version 17
VisualStudioVersion = 17.11.35327.3
MinimumVisualStudioVersion = 10.0.40219.1
Project("{FAE04EC0-301F-11D3-BF4B-00C04F79EFBC}") = "GameNet", "GameNet\GameNet.csproj", "{8F68FB4B-4AF2-477B-8F8C-879063A988E5}"
EndProject
Global
	GlobalSection(SolutionConfigurationPlatforms) = preSolution
		Debug|Any CPU = Debug|Any CPU
		Release|Any CPU = Release|Any CPU
	EndGlobalSection
	GlobalSection(ProjectConfigurationPlatforms) = postSolution
		{8F68FB4B-4AF2-477B-8F8C-879063A988E5}.Debug|Any CPU.ActiveCfg = Debug|Any CPU
		{8F68FB4B-4AF2-477B-8F8C-879063A988E5}.Debug|Any CPU.Build.0 = Debug|Any CPU
		{8F68FB4B-4AF2-477B-8F8C-879063A988E5}.Release|Any CPU.ActiveCfg = Release|Any CPU
		{8F68FB4B-4AF2-477B-8F8C-879063A988E5}.Release|Any CPU.Build.0 = Release|Any CPU
	EndGlobalSection
	GlobalSection(SolutionProperties) = preSolution
		HideSolutionNode = FALSE
	EndGlobalSection
	GlobalSection(ExtensibilityGlobals) = postSolution
		SolutionGuid = {F92D9B87-9ACA-49B8-95CC-AC5A3BAC74AE}
	EndGlobalSection
EndGlobal
